# This file is autogenerated, do not edit; changes may be undone by the next 'dep ensure'.


[[projects]]
  branch = "master"
  digest = "1:a058b48ec9fad1403482552ed04666f16a244b05b6968a2bc43a6cf6ebc350a8"
  name = "github.com/mjibson/go-dsp"
  packages = [
    "dsputils",
    "fft",
  ]
  pruneopts = "UT"
  revision = "11479a337f1259210b7c8f93f7bf2b0cc87b066e"

[solve-meta]
  analyzer-name = "dep"
  analyzer-version = 1
  input-imports = ["github.com/mjibson/go-dsp/fft"]
  solver-name = "gps-cdcl"
  solver-version = 1
